
Microsoft Visual Studio Solution File, Format Version 12.00
# Visual Studio Version 17
VisualStudioVersion = 17.11.35327.3
MinimumVisualStudioVersion = 10.0.40219.1
Project("{8BC9CEB8-8B4A-11D0-8D11-00A0C91BC942}") = "Double Linked List", "Double Linked List.vcxproj", "{1718838C-40C9-458A-8E10-F4239BE4072A}"
EndProject
Global
	GlobalSection(SolutionConfigurationPlatforms) = preSolution
		Debug|x64 = Debug|x64
		Debug|x86 = Debug|x86
		Release|x64 = Release|x64
		Release|x86 = Release|x86
	EndGlobalSection
	GlobalSection(ProjectConfigurationPlatforms) = postSolution
		{1718838C-40C9-458A-8E10-F4239BE4072A}.Debug|x64.ActiveCfg = Debug|x64
		{1718838C-40C9-458A-8E10-F4239BE4072A}.Debug|x64.Build.0 = Debug|x64
		{1718838C-40C9-458A-8E10-F4239BE4072A}.Debug|x86.ActiveCfg = Debug|Win32
		{1718838C-40C9-458A-8E10-F4239BE4072A}.Debug|x86.Build.0 = Debug|Win32
		{1718838C-40C9-458A-8E10-F4239BE4072A}.Release|x64.ActiveCfg = Release|x64
		{1718838C-40C9-458A-8E10-F4239BE4072A}.Release|x64.Build.0 = Release|x64
		{1718838C-40C9-458A-8E10-F4239BE4072A}.Release|x86.ActiveCfg = Release|Win32
		{1718838C-40C9-458A-8E10-F4239BE4072A}.Release|x86.Build.0 = Release|Win32
	EndGlobalSection
	GlobalSection(SolutionProperties) = preSolution
		HideSolutionNode = FALSE
	EndGlobalSection
	GlobalSection(ExtensibilityGlobals) = postSolution
		SolutionGuid = {D567EB80-F887-458F-8526-A99A5C92ED74}
	EndGlobalSection
EndGlobal
